
Microsoft Visual Studio Solution File, Format Version 11.00
# Visual Studio 2010
Project("{FAE04EC0-301F-11D3-BF4B-00C04F79EFBC}") = "JakSof.Mobile.BankLocators", "JakSof.Mobile.BankLocators\JakSof.Mobile.BankLocators.csproj", "{FE0C3B9E-2847-4726-9C3A-381D7946E487}"
EndProject
Global
	GlobalSection(SolutionConfigurationPlatforms) = preSolution
		Debug|Any CPU = Debug|Any CPU
		Release|Any CPU = Release|Any CPU
	EndGlobalSection
	GlobalSection(ProjectConfigurationPlatforms) = postSolution
		{FE0C3B9E-2847-4726-9C3A-381D7946E487}.Debug|Any CPU.ActiveCfg = Debug|Any CPU
		{FE0C3B9E-2847-4726-9C3A-381D7946E487}.Debug|Any CPU.Build.0 = Debug|Any CPU
		{FE0C3B9E-2847-4726-9C3A-381D7946E487}.Debug|Any CPU.Deploy.0 = Debug|Any CPU
		{FE0C3B9E-2847-4726-9C3A-381D7946E487}.Release|Any CPU.ActiveCfg = Release|Any CPU
		{FE0C3B9E-2847-4726-9C3A-381D7946E487}.Release|Any CPU.Build.0 = Release|Any CPU
		{FE0C3B9E-2847-4726-9C3A-381D7946E487}.Release|Any CPU.Deploy.0 = Release|Any CPU
	EndGlobalSection
	GlobalSection(SolutionProperties) = preSolution
		HideSolutionNode = FALSE
	EndGlobalSection
EndGlobal
